
Microsoft Visual Studio Solution File, Format Version 12.00
# Visual Studio 14
VisualStudioVersion = 14.0.25420.1
MinimumVisualStudioVersion = 10.0.40219.1
Project("{FAE04EC0-301F-11D3-BF4B-00C04F79EFBC}") = "DEV-3", "DEV-3\DEV-3.csproj", "{79B0CF43-1944-4094-B3EC-E48949FB6028}"
EndProject
Project("{FAE04EC0-301F-11D3-BF4B-00C04F79EFBC}") = "DEV3Tests", "DEV3Tests\DEV3Tests.csproj", "{12EB0EBB-DD3E-4694-BCEA-2E3F3F033D2D}"
EndProject
Global
	GlobalSection(SolutionConfigurationPlatforms) = preSolution
		Debug|Any CPU = Debug|Any CPU
		Release|Any CPU = Release|Any CPU
	EndGlobalSection
	GlobalSection(ProjectConfigurationPlatforms) = postSolution
		{79B0CF43-1944-4094-B3EC-E48949FB6028}.Debug|Any CPU.ActiveCfg = Debug|Any CPU
		{79B0CF43-1944-4094-B3EC-E48949FB6028}.Debug|Any CPU.Build.0 = Debug|Any CPU
		{79B0CF43-1944-4094-B3EC-E48949FB6028}.Release|Any CPU.ActiveCfg = Release|Any CPU
		{79B0CF43-1944-4094-B3EC-E48949FB6028}.Release|Any CPU.Build.0 = Release|Any CPU
		{12EB0EBB-DD3E-4694-BCEA-2E3F3F033D2D}.Debug|Any CPU.ActiveCfg = Debug|Any CPU
		{12EB0EBB-DD3E-4694-BCEA-2E3F3F033D2D}.Debug|Any CPU.Build.0 = Debug|Any CPU
		{12EB0EBB-DD3E-4694-BCEA-2E3F3F033D2D}.Release|Any CPU.ActiveCfg = Release|Any CPU
		{12EB0EBB-DD3E-4694-BCEA-2E3F3F033D2D}.Release|Any CPU.Build.0 = Release|Any CPU
	EndGlobalSection
	GlobalSection(SolutionProperties) = preSolution
		HideSolutionNode = FALSE
	EndGlobalSection
EndGlobal
