
Microsoft Visual Studio Solution File, Format Version 12.00
# Visual Studio 15
VisualStudioVersion = 15.0.27428.2037
MinimumVisualStudioVersion = 10.0.40219.1
Project("{FAE04EC0-301F-11D3-BF4B-00C04F79EFBC}") = "DEV-8", "DEV-8\DEV-8.csproj", "{79BFD8F5-D8AB-49BC-AA49-3830DA5019F2}"
EndProject
Project("{FAE04EC0-301F-11D3-BF4B-00C04F79EFBC}") = "DEV-8Tests", "DEV-8Tests\DEV-8Tests.csproj", "{66B1A539-EAF8-4130-B758-9933335F9F20}"
EndProject
Global
	GlobalSection(SolutionConfigurationPlatforms) = preSolution
		Debug|Any CPU = Debug|Any CPU
		Release|Any CPU = Release|Any CPU
	EndGlobalSection
	GlobalSection(ProjectConfigurationPlatforms) = postSolution
		{79BFD8F5-D8AB-49BC-AA49-3830DA5019F2}.Debug|Any CPU.ActiveCfg = Debug|Any CPU
		{79BFD8F5-D8AB-49BC-AA49-3830DA5019F2}.Debug|Any CPU.Build.0 = Debug|Any CPU
		{79BFD8F5-D8AB-49BC-AA49-3830DA5019F2}.Release|Any CPU.ActiveCfg = Release|Any CPU
		{79BFD8F5-D8AB-49BC-AA49-3830DA5019F2}.Release|Any CPU.Build.0 = Release|Any CPU
		{66B1A539-EAF8-4130-B758-9933335F9F20}.Debug|Any CPU.ActiveCfg = Debug|Any CPU
		{66B1A539-EAF8-4130-B758-9933335F9F20}.Debug|Any CPU.Build.0 = Debug|Any CPU
		{66B1A539-EAF8-4130-B758-9933335F9F20}.Release|Any CPU.ActiveCfg = Release|Any CPU
		{66B1A539-EAF8-4130-B758-9933335F9F20}.Release|Any CPU.Build.0 = Release|Any CPU
	EndGlobalSection
	GlobalSection(SolutionProperties) = preSolution
		HideSolutionNode = FALSE
	EndGlobalSection
	GlobalSection(ExtensibilityGlobals) = postSolution
		SolutionGuid = {486A2197-2900-47BD-9159-CF285A3AB821}
	EndGlobalSection
EndGlobal
